// !$*UTF8*$!
{
	archiveVersion = 1;
	classes = {
	};
	objectVersion = 46;
	objects = {

/* Begin PBXBuildFile section */
		0E25CC431C91AA2200B3D8A1 /* denglubeijing.jpg in Resources */ = {isa = PBXBuildFile; fileRef = 0E25CC421C91AA2200B3D8A1 /* denglubeijing.jpg */; };
		0E5E5EED1CCE3691006247B0 /* 最长的电影字幕版--音悦tai.mp4 in Resources */ = {isa = PBXBuildFile; fileRef = 0E5E5EEB1CCE3667006247B0 /* 最长的电影字幕版--音悦tai.mp4 */; };
		0E5E5EF01CCE3711006247B0 /* String.plist in Resources */ = {isa = PBXBuildFile; fileRef = 0E5E5EEE1CCE3711006247B0 /* String.plist */; };
		0E98FA831CACDB660062ECD1 /* chongzhiview.m in Sources */ = {isa = PBXBuildFile; fileRef = 0E98FA821CACDB660062ECD1 /* chongzhiview.m */; };
		0E9CFC5C1CA8EBEE00030F58 /* MBProgressHUD+NJ.m in Sources */ = {isa = PBXBuildFile; fileRef = 0E9CFC581CA8EBEE00030F58 /* MBProgressHUD+NJ.m */; };
		0E9CFC5D1CA8EBEE00030F58 /* MBProgressHUD.bundle in Resources */ = {isa = PBXBuildFile; fileRef = 0E9CFC591CA8EBEE00030F58 /* MBProgressHUD.bundle */; };
		0E9CFC5E1CA8EBEE00030F58 /* MBProgressHUD.m in Sources */ = {isa = PBXBuildFile; fileRef = 0E9CFC5B1CA8EBEE00030F58 /* MBProgressHUD.m */; };
		0E9CFC6A1CA8EC7100030F58 /* screenshot_0.png in Resources */ = {isa = PBXBuildFile; fileRef = 0E9CFC601CA8EC7100030F58 /* screenshot_0.png */; };
		0E9CFC6B1CA8EC7100030F58 /* screenshot_1.png in Resources */ = {isa = PBXBuildFile; fileRef = 0E9CFC611CA8EC7100030F58 /* screenshot_1.png */; };
		0E9CFC6C1CA8EC7100030F58 /* screenshot_2.png in Resources */ = {isa = PBXBuildFile; fileRef = 0E9CFC621CA8EC7100030F58 /* screenshot_2.png */; };
		0E9CFC6D1CA8EC7100030F58 /* screenshot_3.png in Resources */ = {isa = PBXBuildFile; fileRef = 0E9CFC631CA8EC7100030F58 /* screenshot_3.png */; };
		0E9CFC6E1CA8EC7100030F58 /* screenshot_4.png in Resources */ = {isa = PBXBuildFile; fileRef = 0E9CFC641CA8EC7100030F58 /* screenshot_4.png */; };
		0E9CFC6F1CA8EC7100030F58 /* screenshot_5.png in Resources */ = {isa = PBXBuildFile; fileRef = 0E9CFC651CA8EC7100030F58 /* screenshot_5.png */; };
		0E9CFC701CA8EC7100030F58 /* screenshot_6.png in Resources */ = {isa = PBXBuildFile; fileRef = 0E9CFC661CA8EC7100030F58 /* screenshot_6.png */; };
		0E9CFC711CA8EC7100030F58 /* screenshot_7.png in Resources */ = {isa = PBXBuildFile; fileRef = 0E9CFC671CA8EC7100030F58 /* screenshot_7.png */; };
		0E9CFC721CA8EC7100030F58 /* screenshot_8.png in Resources */ = {isa = PBXBuildFile; fileRef = 0E9CFC681CA8EC7100030F58 /* screenshot_8.png */; };
		0E9CFC731CA8EC7100030F58 /* screenshot_9.png in Resources */ = {isa = PBXBuildFile; fileRef = 0E9CFC691CA8EC7100030F58 /* screenshot_9.png */; };
		0E9CFC761CA8ED8200030F58 /* JKLockView.m in Sources */ = {isa = PBXBuildFile; fileRef = 0E9CFC751CA8ED8200030F58 /* JKLockView.m */; };
		0E9CFC791CA8EEB300030F58 /* ViewController.m in Sources */ = {isa = PBXBuildFile; fileRef = 0E9CFC781CA8EEB300030F58 /* ViewController.m */; };
		0EA4F5591CCEFB7900968B22 /* DanmuViewController.m in Sources */ = {isa = PBXBuildFile; fileRef = 0EA4F5581CCEFB7900968B22 /* DanmuViewController.m */; };
		0EA4F55C1CCF01E800968B22 /* DrawHuman.m in Sources */ = {isa = PBXBuildFile; fileRef = 0EA4F55B1CCF01E800968B22 /* DrawHuman.m */; };
		0EABB7451C93BA3700448D96 /* LoginViewController.m in Sources */ = {isa = PBXBuildFile; fileRef = 0EABB7441C93BA3700448D96 /* LoginViewController.m */; };
		EE7F13D11C1FA32B000D34B8 /* 启动页.jpg in Resources */ = {isa = PBXBuildFile; fileRef = EE7F13B11C1FA32B000D34B8 /* 启动页.jpg */; };
		EE7F13D21C1FA32B000D34B8 /* AppDelegate.m in Sources */ = {isa = PBXBuildFile; fileRef = EE7F13B31C1FA32B000D34B8 /* AppDelegate.m */; };
		EE7F13D31C1FA32B000D34B8 /* Assets.xcassets in Resources */ = {isa = PBXBuildFile; fileRef = EE7F13B41C1FA32B000D34B8 /* Assets.xcassets */; };
		EE7F13D41C1FA32B000D34B8 /* LaunchScreen.storyboard in Resources */ = {isa = PBXBuildFile; fileRef = EE7F13B61C1FA32B000D34B8 /* LaunchScreen.storyboard */; };
		EE7F13D51C1FA32B000D34B8 /* Main.storyboard in Resources */ = {isa = PBXBuildFile; fileRef = EE7F13B81C1FA32B000D34B8 /* Main.storyboard */; };
		EE7F13D61C1FA32B000D34B8 /* gerenzhongxin.png in Resources */ = {isa = PBXBuildFile; fileRef = EE7F13BA1C1FA32B000D34B8 /* gerenzhongxin.png */; };
		EE7F13D71C1FA32B000D34B8 /* GeRenZhongXinView.m in Sources */ = {isa = PBXBuildFile; fileRef = EE7F13BC1C1FA32B000D34B8 /* GeRenZhongXinView.m */; };
		EE7F13D81C1FA32B000D34B8 /* gouwu.png in Resources */ = {isa = PBXBuildFile; fileRef = EE7F13BD1C1FA32B000D34B8 /* gouwu.png */; };
		EE7F13D91C1FA32B000D34B8 /* gouwuView.m in Sources */ = {isa = PBXBuildFile; fileRef = EE7F13BF1C1FA32B000D34B8 /* gouwuView.m */; };
		EE7F13DA1C1FA32B000D34B8 /* Info.plist in Resources */ = {isa = PBXBuildFile; fileRef = EE7F13C01C1FA32B000D34B8 /* Info.plist */; };
		EE7F13DB1C1FA32B000D34B8 /* jiazaishibai.png in Resources */ = {isa = PBXBuildFile; fileRef = EE7F13C11C1FA32B000D34B8 /* jiazaishibai.png */; };
		EE7F13DC1C1FA32B000D34B8 /* kefu.png in Resources */ = {isa = PBXBuildFile; fileRef = EE7F13C21C1FA32B000D34B8 /* kefu.png */; };
		EE7F13DD1C1FA32B000D34B8 /* kefuView.m in Sources */ = {isa = PBXBuildFile; fileRef = EE7F13C41C1FA32B000D34B8 /* kefuView.m */; };
		EE7F13DE1C1FA32B000D34B8 /* logo.png in Resources */ = {isa = PBXBuildFile; fileRef = EE7F13C51C1FA32B000D34B8 /* logo.png */; };
		EE7F13DF1C1FA32B000D34B8 /* main.m in Sources */ = {isa = PBXBuildFile; fileRef = EE7F13C61C1FA32B000D34B8 /* main.m */; };
		EE7F13E01C1FA32B000D34B8 /* shiyongshuoming.png in Resources */ = {isa = PBXBuildFile; fileRef = EE7F13C71C1FA32B000D34B8 /* shiyongshuoming.png */; };
		EE7F13E11C1FA32B000D34B8 /* ShiYongShuoMingView.m in Sources */ = {isa = PBXBuildFile; fileRef = EE7F13C91C1FA32B000D34B8 /* ShiYongShuoMingView.m */; };
		EE7F13E21C1FA32B000D34B8 /* shouyebeijing.png in Resources */ = {isa = PBXBuildFile; fileRef = EE7F13CA1C1FA32B000D34B8 /* shouyebeijing.png */; };
		EE7F13E31C1FA32B000D34B8 /* ShouYeView.m in Sources */ = {isa = PBXBuildFile; fileRef = EE7F13CC1C1FA32B000D34B8 /* ShouYeView.m */; };
		EE7F13E41C1FA32B000D34B8 /* shuxian.png in Resources */ = {isa = PBXBuildFile; fileRef = EE7F13CD1C1FA32B000D34B8 /* shuxian.png */; };
		EE7F13E51C1FA32B000D34B8 /* youhuixinxi.png in Resources */ = {isa = PBXBuildFile; fileRef = EE7F13CE1C1FA32B000D34B8 /* youhuixinxi.png */; };
		EE7F13E61C1FA32B000D34B8 /* YouhuixinxiView.m in Sources */ = {isa = PBXBuildFile; fileRef = EE7F13D01C1FA32B000D34B8 /* YouhuixinxiView.m */; };
/* End PBXBuildFile section */

/* Begin PBXFileReference section */
		0E25CC421C91AA2200B3D8A1 /* denglubeijing.jpg */ = {isa = PBXFileReference; lastKnownFileType = image.jpeg; name = denglubeijing.jpg; path = ../haidaoshengxian/denglubeijing.jpg; sourceTree = "<group>"; };
		0E5E5EEC1CCE3667006247B0 /* Base */ = {isa = PBXFileReference; lastKnownFileType = file; name = Base; path = "最长的电影字幕版--音悦tai.mp4"; sourceTree = "<group>"; };
		0E5E5EEF1CCE3711006247B0 /* Base */ = {isa = PBXFileReference; lastKnownFileType = text.plist.xml; name = Base; path = String.plist; sourceTree = "<group>"; };
		0E98FA811CACDB660062ECD1 /* chongzhiview.h */ = {isa = PBXFileReference; fileEncoding = 4; lastKnownFileType = sourcecode.c.h; name = chongzhiview.h; path = ../haidaoshengxian/chongzhiview.h; sourceTree = "<group>"; };
		0E98FA821CACDB660062ECD1 /* chongzhiview.m */ = {isa = PBXFileReference; fileEncoding = 4; lastKnownFileType = sourcecode.c.objc; name = chongzhiview.m; path = ../haidaoshengxian/chongzhiview.m; sourceTree = "<group>"; };
		0E9CFC571CA8EBEE00030F58 /* MBProgressHUD+NJ.h */ = {isa = PBXFileReference; fileEncoding = 4; lastKnownFileType = sourcecode.c.h; path = "MBProgressHUD+NJ.h"; sourceTree = "<group>"; };
		0E9CFC581CA8EBEE00030F58 /* MBProgressHUD+NJ.m */ = {isa = PBXFileReference; fileEncoding = 4; lastKnownFileType = sourcecode.c.objc; path = "MBProgressHUD+NJ.m"; sourceTree = "<group>"; };
		0E9CFC591CA8EBEE00030F58 /* MBProgressHUD.bundle */ = {isa = PBXFileReference; lastKnownFileType = "wrapper.plug-in"; path = MBProgressHUD.bundle; sourceTree = "<group>"; };
		0E9CFC5A1CA8EBEE00030F58 /* MBProgressHUD.h */ = {isa = PBXFileReference; fileEncoding = 4; lastKnownFileType = sourcecode.c.h; path = MBProgressHUD.h; sourceTree = "<group>"; };
		0E9CFC5B1CA8EBEE00030F58 /* MBProgressHUD.m */ = {isa = PBXFileReference; fileEncoding = 4; lastKnownFileType = sourcecode.c.objc; path = MBProgressHUD.m; sourceTree = "<group>"; };
		0E9CFC601CA8EC7100030F58 /* screenshot_0.png */ = {isa = PBXFileReference; lastKnownFileType = image.png; path = screenshot_0.png; sourceTree = "<group>"; };
		0E9CFC611CA8EC7100030F58 /* screenshot_1.png */ = {isa = PBXFileReference; lastKnownFileType = image.png; path = screenshot_1.png; sourceTree = "<group>"; };
		0E9CFC621CA8EC7100030F58 /* screenshot_2.png */ = {isa = PBXFileReference; lastKnownFileType = image.png; path = screenshot_2.png; sourceTree = "<group>"; };
		0E9CFC631CA8EC7100030F58 /* screenshot_3.png */ = {isa = PBXFileReference; lastKnownFileType = image.png; path = screenshot_3.png; sourceTree = "<group>"; };
		0E9CFC641CA8EC7100030F58 /* screenshot_4.png */ = {isa = PBXFileReference; lastKnownFileType = image.png; path = screenshot_4.png; sourceTree = "<group>"; };
		0E9CFC651CA8EC7100030F58 /* screenshot_5.png */ = {isa = PBXFileReference; lastKnownFileType = image.png; path = screenshot_5.png; sourceTree = "<group>"; };
		0E9CFC661CA8EC7100030F58 /* screenshot_6.png */ = {isa = PBXFileReference; lastKnownFileType = image.png; path = screenshot_6.png; sourceTree = "<group>"; };
		0E9CFC671CA8EC7100030F58 /* screenshot_7.png */ = {isa = PBXFileReference; lastKnownFileType = image.png; path = screenshot_7.png; sourceTree = "<group>"; };
		0E9CFC681CA8EC7100030F58 /* screenshot_8.png */ = {isa = PBXFileReference; lastKnownFileType = image.png; path = screenshot_8.png; sourceTree = "<group>"; };
		0E9CFC691CA8EC7100030F58 /* screenshot_9.png */ = {isa = PBXFileReference; lastKnownFileType = image.png; path = screenshot_9.png; sourceTree = "<group>"; };
		0E9CFC741CA8ED8200030F58 /* JKLockView.h */ = {isa = PBXFileReference; fileEncoding = 4; lastKnownFileType = sourcecode.c.h; name = JKLockView.h; path = haidaoshengxian/JKLockView.h; sourceTree = SOURCE_ROOT; };
		0E9CFC751CA8ED8200030F58 /* JKLockView.m */ = {isa = PBXFileReference; fileEncoding = 4; lastKnownFileType = sourcecode.c.objc; name = JKLockView.m; path = haidaoshengxian/JKLockView.m; sourceTree = SOURCE_ROOT; };
		0E9CFC771CA8EEB300030F58 /* ViewController.h */ = {isa = PBXFileReference; fileEncoding = 4; lastKnownFileType = sourcecode.c.h; name = ViewController.h; path = haidaoshengxian/ViewController.h; sourceTree = SOURCE_ROOT; };
		0E9CFC781CA8EEB300030F58 /* ViewController.m */ = {isa = PBXFileReference; fileEncoding = 4; lastKnownFileType = sourcecode.c.objc; name = ViewController.m; path = haidaoshengxian/ViewController.m; sourceTree = SOURCE_ROOT; };
		0EA4F5571CCEFB7900968B22 /* DanmuViewController.h */ = {isa = PBXFileReference; fileEncoding = 4; lastKnownFileType = sourcecode.c.h; path = DanmuViewController.h; sourceTree = "<group>"; };
		0EA4F5581CCEFB7900968B22 /* DanmuViewController.m */ = {isa = PBXFileReference; fileEncoding = 4; lastKnownFileType = sourcecode.c.objc; path = DanmuViewController.m; sourceTree = "<group>"; };
		0EA4F55A1CCF01E800968B22 /* DrawHuman.h */ = {isa = PBXFileReference; fileEncoding = 4; lastKnownFileType = sourcecode.c.h; path = DrawHuman.h; sourceTree = "<group>"; };
		0EA4F55B1CCF01E800968B22 /* DrawHuman.m */ = {isa = PBXFileReference; fileEncoding = 4; lastKnownFileType = sourcecode.c.objc; path = DrawHuman.m; sourceTree = "<group>"; };
		0EABB7431C93BA3700448D96 /* LoginViewController.h */ = {isa = PBXFileReference; fileEncoding = 4; lastKnownFileType = sourcecode.c.h; name = LoginViewController.h; path = ../haidaoshengxian/LoginViewController.h; sourceTree = "<group>"; };
		0EABB7441C93BA3700448D96 /* LoginViewController.m */ = {isa = PBXFileReference; fileEncoding = 4; lastKnownFileType = sourcecode.c.objc; name = LoginViewController.m; path = ../haidaoshengxian/LoginViewController.m; sourceTree = "<group>"; };
		EE7F13B11C1FA32B000D34B8 /* 启动页.jpg */ = {isa = PBXFileReference; lastKnownFileType = image.jpeg; name = "启动页.jpg"; path = "../haidaoshengxian/启动页.jpg"; sourceTree = "<group>"; };
		EE7F13B21C1FA32B000D34B8 /* AppDelegate.h */ = {isa = PBXFileReference; fileEncoding = 4; lastKnownFileType = sourcecode.c.h; name = AppDelegate.h; path = haidaoshengxian/AppDelegate.h; sourceTree = "<group>"; };
		EE7F13B31C1FA32B000D34B8 /* AppDelegate.m */ = {isa = PBXFileReference; fileEncoding = 4; lastKnownFileType = sourcecode.c.objc; name = AppDelegate.m; path = haidaoshengxian/AppDelegate.m; sourceTree = "<group>"; };
		EE7F13B41C1FA32B000D34B8 /* Assets.xcassets */ = {isa = PBXFileReference; lastKnownFileType = folder.assetcatalog; name = Assets.xcassets; path = haidaoshengxian/Assets.xcassets; sourceTree = "<group>"; };
		EE7F13B71C1FA32B000D34B8 /* Base */ = {isa = PBXFileReference; lastKnownFileType = file.storyboard; name = Base; path = LaunchScreen.storyboard; sourceTree = "<group>"; };
		EE7F13B91C1FA32B000D34B8 /* Base */ = {isa = PBXFileReference; lastKnownFileType = file.storyboard; name = Base; path = Main.storyboard; sourceTree = "<group>"; };
		EE7F13BA1C1FA32B000D34B8 /* gerenzhongxin.png */ = {isa = PBXFileReference; lastKnownFileType = image.png; name = gerenzhongxin.png; path = ../haidaoshengxian/gerenzhongxin.png; sourceTree = "<group>"; };
		EE7F13BB1C1FA32B000D34B8 /* GeRenZhongXinView.h */ = {isa = PBXFileReference; fileEncoding = 4; lastKnownFileType = sourcecode.c.h; name = GeRenZhongXinView.h; path = ../haidaoshengxian/GeRenZhongXinView.h; sourceTree = "<group>"; };
		EE7F13BC1C1FA32B000D34B8 /* GeRenZhongXinView.m */ = {isa = PBXFileReference; fileEncoding = 4; lastKnownFileType = sourcecode.c.objc; name = GeRenZhongXinView.m; path = ../haidaoshengxian/GeRenZhongXinView.m; sourceTree = "<group>"; };
		EE7F13BD1C1FA32B000D34B8 /* gouwu.png */ = {isa = PBXFileReference; lastKnownFileType = image.png; name = gouwu.png; path = ../haidaoshengxian/gouwu.png; sourceTree = "<group>"; };
		EE7F13BE1C1FA32B000D34B8 /* gouwuView.h */ = {isa = PBXFileReference; fileEncoding = 4; lastKnownFileType = sourcecode.c.h; name = gouwuView.h; path = ../haidaoshengxian/gouwuView.h; sourceTree = "<group>"; };
		EE7F13BF1C1FA32B000D34B8 /* gouwuView.m */ = {isa = PBXFileReference; fileEncoding = 4; lastKnownFileType = sourcecode.c.objc; name = gouwuView.m; path = ../haidaoshengxian/gouwuView.m; sourceTree = "<group>"; };
		EE7F13C01C1FA32B000D34B8 /* Info.plist */ = {isa = PBXFileReference; fileEncoding = 4; lastKnownFileType = text.plist.xml; name = Info.plist; path = ../Info.plist; sourceTree = "<group>"; };
		EE7F13C11C1FA32B000D34B8 /* jiazaishibai.png */ = {isa = PBXFileReference; lastKnownFileType = image.png; name = jiazaishibai.png; path = ../haidaoshengxian/jiazaishibai.png; sourceTree = "<group>"; };
		EE7F13C21C1FA32B000D34B8 /* kefu.png */ = {isa = PBXFileReference; lastKnownFileType = image.png; name = kefu.png; path = ../haidaoshengxian/kefu.png; sourceTree = "<group>"; };
		EE7F13C31C1FA32B000D34B8 /* kefuView.h */ = {isa = PBXFileReference; fileEncoding = 4; lastKnownFileType = sourcecode.c.h; name = kefuView.h; path = ../haidaoshengxian/kefuView.h; sourceTree = "<group>"; };
		EE7F13C41C1FA32B000D34B8 /* kefuView.m */ = {isa = PBXFileReference; fileEncoding = 4; lastKnownFileType = sourcecode.c.objc; name = kefuView.m; path = ../haidaoshengxian/kefuView.m; sourceTree = "<group>"; };
		EE7F13C51C1FA32B000D34B8 /* logo.png */ = {isa = PBXFileReference; lastKnownFileType = image.png; name = logo.png; path = ../haidaoshengxian/logo.png; sourceTree = "<group>"; };
		EE7F13C61C1FA32B000D34B8 /* main.m */ = {isa = PBXFileReference; fileEncoding = 4; lastKnownFileType = sourcecode.c.objc; name = main.m; path = haidaoshengxian/main.m; sourceTree = "<group>"; };
		EE7F13C71C1FA32B000D34B8 /* shiyongshuoming.png */ = {isa = PBXFileReference; lastKnownFileType = image.png; name = shiyongshuoming.png; path = ../haidaoshengxian/shiyongshuoming.png; sourceTree = "<group>"; };
		EE7F13C81C1FA32B000D34B8 /* ShiYongShuoMingView.h */ = {isa = PBXFileReference; fileEncoding = 4; lastKnownFileType = sourcecode.c.h; name = ShiYongShuoMingView.h; path = ../haidaoshengxian/ShiYongShuoMingView.h; sourceTree = "<group>"; };
		EE7F13C91C1FA32B000D34B8 /* ShiYongShuoMingView.m */ = {isa = PBXFileReference; fileEncoding = 4; lastKnownFileType = sourcecode.c.objc; name = ShiYongShuoMingView.m; path = ../haidaoshengxian/ShiYongShuoMingView.m; sourceTree = "<group>"; };
		EE7F13CA1C1FA32B000D34B8 /* shouyebeijing.png */ = {isa = PBXFileReference; lastKnownFileType = image.png; name = shouyebeijing.png; path = ../haidaoshengxian/shouyebeijing.png; sourceTree = "<group>"; };
		EE7F13CB1C1FA32B000D34B8 /* ShouYeView.h */ = {isa = PBXFileReference; fileEncoding = 4; lastKnownFileType = sourcecode.c.h; name = ShouYeView.h; path = ../haidaoshengxian/ShouYeView.h; sourceTree = "<group>"; };
		EE7F13CC1C1FA32B000D34B8 /* ShouYeView.m */ = {isa = PBXFileReference; fileEncoding = 4; lastKnownFileType = sourcecode.c.objc; name = ShouYeView.m; path = ../haidaoshengxian/ShouYeView.m; sourceTree = "<group>"; };
		EE7F13CD1C1FA32B000D34B8 /* shuxian.png */ = {isa = PBXFileReference; lastKnownFileType = image.png; name = shuxian.png; path = ../haidaoshengxian/shuxian.png; sourceTree = "<group>"; };
		EE7F13CE1C1FA32B000D34B8 /* youhuixinxi.png */ = {isa = PBXFileReference; lastKnownFileType = image.png; name = youhuixinxi.png; path = ../haidaoshengxian/youhuixinxi.png; sourceTree = "<group>"; };
		EE7F13CF1C1FA32B000D34B8 /* YouhuixinxiView.h */ = {isa = PBXFileReference; fileEncoding = 4; lastKnownFileType = sourcecode.c.h; name = YouhuixinxiView.h; path = ../haidaoshengxian/YouhuixinxiView.h; sourceTree = "<group>"; };
		EE7F13D01C1FA32B000D34B8 /* YouhuixinxiView.m */ = {isa = PBXFileReference; fileEncoding = 4; lastKnownFileType = sourcecode.c.objc; name = YouhuixinxiView.m; path = ../haidaoshengxian/YouhuixinxiView.m; sourceTree = "<group>"; };
		EE7F13E71C1FA361000D34B8 /* 海道生鲜.app */ = {isa = PBXFileReference; explicitFileType = wrapper.application; includeInIndex = 0; path = "海道生鲜.app"; sourceTree = BUILT_PRODUCTS_DIR; };
/* End PBXFileReference section */

/* Begin PBXFrameworksBuildPhase section */
		3F45E9851C0E800D0006F103 /* Frameworks */ = {
			isa = PBXFrameworksBuildPhase;
			buildActionMask = 2147483647;
			files = (
			);
			runOnlyForDeploymentPostprocessing = 0;
		};
/* End PBXFrameworksBuildPhase section */

/* Begin PBXGroup section */
		0E98FA7C1CACD4840062ECD1 /* view */ = {
			isa = PBXGroup;
			children = (
				EE7F13B61C1FA32B000D34B8 /* LaunchScreen.storyboard */,
				EE7F13B81C1FA32B000D34B8 /* Main.storyboard */,
			);
			name = view;
			sourceTree = "<group>";
		};
		0E98FA7D1CACD5B80062ECD1 /* controller */ = {
			isa = PBXGroup;
			children = (
				EE7F13CB1C1FA32B000D34B8 /* ShouYeView.h */,
				EE7F13CC1C1FA32B000D34B8 /* ShouYeView.m */,
				0EABB7431C93BA3700448D96 /* LoginViewController.h */,
				0EABB7441C93BA3700448D96 /* LoginViewController.m */,
				0E9CFC771CA8EEB300030F58 /* ViewController.h */,
				0E9CFC781CA8EEB300030F58 /* ViewController.m */,
				EE7F13BB1C1FA32B000D34B8 /* GeRenZhongXinView.h */,
				EE7F13BC1C1FA32B000D34B8 /* GeRenZhongXinView.m */,
				EE7F13BE1C1FA32B000D34B8 /* gouwuView.h */,
				EE7F13BF1C1FA32B000D34B8 /* gouwuView.m */,
				EE7F13C31C1FA32B000D34B8 /* kefuView.h */,
				EE7F13C41C1FA32B000D34B8 /* kefuView.m */,
				EE7F13C81C1FA32B000D34B8 /* ShiYongShuoMingView.h */,
				EE7F13C91C1FA32B000D34B8 /* ShiYongShuoMingView.m */,
				EE7F13CF1C1FA32B000D34B8 /* YouhuixinxiView.h */,
				EE7F13D01C1FA32B000D34B8 /* YouhuixinxiView.m */,
				0E98FA811CACDB660062ECD1 /* chongzhiview.h */,
				0E98FA821CACDB660062ECD1 /* chongzhiview.m */,
				0EA4F5571CCEFB7900968B22 /* DanmuViewController.h */,
				0EA4F5581CCEFB7900968B22 /* DanmuViewController.m */,
			);
			name = controller;
			path = img;
			sourceTree = "<group>";
		};
		0E9CFC561CA8EBEE00030F58 /* MBProgressHUD */ = {
			isa = PBXGroup;
			children = (
				0E9CFC571CA8EBEE00030F58 /* MBProgressHUD+NJ.h */,
				0E9CFC581CA8EBEE00030F58 /* MBProgressHUD+NJ.m */,
				0E9CFC591CA8EBEE00030F58 /* MBProgressHUD.bundle */,
				0E9CFC5A1CA8EBEE00030F58 /* MBProgressHUD.h */,
				0E9CFC5B1CA8EBEE00030F58 /* MBProgressHUD.m */,
			);
			path = MBProgressHUD;
			sourceTree = "<group>";
		};
		0E9CFC5F1CA8EC7100030F58 /* img */ = {
			isa = PBXGroup;
			children = (
				0E5E5EEB1CCE3667006247B0 /* 最长的电影字幕版--音悦tai.mp4 */,
				EE7F13CD1C1FA32B000D34B8 /* shuxian.png */,
				EE7F13C71C1FA32B000D34B8 /* shiyongshuoming.png */,
				EE7F13C21C1FA32B000D34B8 /* kefu.png */,
				EE7F13CE1C1FA32B000D34B8 /* youhuixinxi.png */,
				EE7F13C11C1FA32B000D34B8 /* jiazaishibai.png */,
				EE7F13BD1C1FA32B000D34B8 /* gouwu.png */,
				EE7F13BA1C1FA32B000D34B8 /* gerenzhongxin.png */,
				0E25CC421C91AA2200B3D8A1 /* denglubeijing.jpg */,
				EE7F13CA1C1FA32B000D34B8 /* shouyebeijing.png */,
				EE7F13B11C1FA32B000D34B8 /* 启动页.jpg */,
				0E9CFC601CA8EC7100030F58 /* screenshot_0.png */,
				0E9CFC611CA8EC7100030F58 /* screenshot_1.png */,
				0E9CFC621CA8EC7100030F58 /* screenshot_2.png */,
				0E9CFC631CA8EC7100030F58 /* screenshot_3.png */,
				0E9CFC641CA8EC7100030F58 /* screenshot_4.png */,
				0E9CFC651CA8EC7100030F58 /* screenshot_5.png */,
				0E9CFC661CA8EC7100030F58 /* screenshot_6.png */,
				0E9CFC671CA8EC7100030F58 /* screenshot_7.png */,
				0E9CFC681CA8EC7100030F58 /* screenshot_8.png */,
				0E9CFC691CA8EC7100030F58 /* screenshot_9.png */,
				EE7F13C51C1FA32B000D34B8 /* logo.png */,
			);
			path = img;
			sourceTree = SOURCE_ROOT;
		};
		0EA4F5561CCEEC5600968B22 /* model */ = {
			isa = PBXGroup;
			children = (
				0EA4F55A1CCF01E800968B22 /* DrawHuman.h */,
				0EA4F55B1CCF01E800968B22 /* DrawHuman.m */,
				0E9CFC741CA8ED8200030F58 /* JKLockView.h */,
				0E9CFC751CA8ED8200030F58 /* JKLockView.m */,
			);
			name = model;
			sourceTree = "<group>";
		};
		3F45E97F1C0E800D0006F103 = {
			isa = PBXGroup;
			children = (
				0E9CFC561CA8EBEE00030F58 /* MBProgressHUD */,
				EE7F13B21C1FA32B000D34B8 /* AppDelegate.h */,
				EE7F13B31C1FA32B000D34B8 /* AppDelegate.m */,
				EE7F13C61C1FA32B000D34B8 /* main.m */,
				EE7F13B41C1FA32B000D34B8 /* Assets.xcassets */,
				EE7F13B51C1FA32B000D34B8 /* Base.lproj */,
				0E9CFC5F1CA8EC7100030F58 /* img */,
				0E98FA7D1CACD5B80062ECD1 /* controller */,
				0E98FA7C1CACD4840062ECD1 /* view */,
				0EA4F5561CCEEC5600968B22 /* model */,
				EE7F13E71C1FA361000D34B8 /* 海道生鲜.app */,
			);
			sourceTree = "<group>";
		};
		EE7F13B51C1FA32B000D34B8 /* Base.lproj */ = {
			isa = PBXGroup;
			children = (
				EE7F13C01C1FA32B000D34B8 /* Info.plist */,
				0E5E5EEE1CCE3711006247B0 /* String.plist */,
			);
			name = Base.lproj;
			path = haidaoshengxian/Base.lproj;
			sourceTree = "<group>";
		};
/* End PBXGroup section */

/* Begin PBXNativeTarget section */
		3F45E9871C0E800D0006F103 /* 海道生鲜 */ = {
			isa = PBXNativeTarget;
			buildConfigurationList = 3F45E99F1C0E800D0006F103 /* Build configuration list for PBXNativeTarget "海道生鲜" */;
			buildPhases = (
				3F45E9841C0E800D0006F103 /* Sources */,
				3F45E9851C0E800D0006F103 /* Frameworks */,
				3F45E9861C0E800D0006F103 /* Resources */,
			);
			buildRules = (
			);
			dependencies = (
			);
			name = "海道生鲜";
			productName = haidaoshengxian_pro;
			productReference = EE7F13E71C1FA361000D34B8 /* 海道生鲜.app */;
			productType = "com.apple.product-type.application";
		};
/* End PBXNativeTarget section */

/* Begin PBXProject section */
		3F45E9801C0E800D0006F103 /* Project object */ = {
			isa = PBXProject;
			attributes = {
				LastUpgradeCheck = 0700;
				ORGANIZATIONNAME = wangyilin;
				TargetAttributes = {
					3F45E9871C0E800D0006F103 = {
						CreatedOnToolsVersion = 7.0.1;
						DevelopmentTeam = U9HVPXE4Z5;
					};
				};
			};
			buildConfigurationList = 3F45E9831C0E800D0006F103 /* Build configuration list for PBXProject "海道生鲜" */;
			compatibilityVersion = "Xcode 3.2";
			developmentRegion = English;
			hasScannedForEncodings = 0;
			knownRegions = (
				en,
				Base,
			);
			mainGroup = 3F45E97F1C0E800D0006F103;
			productRefGroup = 3F45E97F1C0E800D0006F103;
			projectDirPath = "";
			projectRoot = "";
			targets = (
				3F45E9871C0E800D0006F103 /* 海道生鲜 */,
			);
		};
/* End PBXProject section */

/* Begin PBXResourcesBuildPhase section */
		3F45E9861C0E800D0006F103 /* Resources */ = {
			isa = PBXResourcesBuildPhase;
			buildActionMask = 2147483647;
			files = (
				0E5E5EED1CCE3691006247B0 /* 最长的电影字幕版--音悦tai.mp4 in Resources */,
				0E9CFC6E1CA8EC7100030F58 /* screenshot_4.png in Resources */,
				EE7F13D41C1FA32B000D34B8 /* LaunchScreen.storyboard in Resources */,
				0E9CFC5D1CA8EBEE00030F58 /* MBProgressHUD.bundle in Resources */,
				EE7F13E21C1FA32B000D34B8 /* shouyebeijing.png in Resources */,
				0E9CFC701CA8EC7100030F58 /* screenshot_6.png in Resources */,
				0E9CFC6D1CA8EC7100030F58 /* screenshot_3.png in Resources */,
				EE7F13D61C1FA32B000D34B8 /* gerenzhongxin.png in Resources */,
				EE7F13DC1C1FA32B000D34B8 /* kefu.png in Resources */,
				EE7F13D31C1FA32B000D34B8 /* Assets.xcassets in Resources */,
				EE7F13E51C1FA32B000D34B8 /* youhuixinxi.png in Resources */,
				0E25CC431C91AA2200B3D8A1 /* denglubeijing.jpg in Resources */,
				EE7F13E01C1FA32B000D34B8 /* shiyongshuoming.png in Resources */,
				0E9CFC6C1CA8EC7100030F58 /* screenshot_2.png in Resources */,
				0E9CFC731CA8EC7100030F58 /* screenshot_9.png in Resources */,
				0E9CFC6B1CA8EC7100030F58 /* screenshot_1.png in Resources */,
				0E9CFC6F1CA8EC7100030F58 /* screenshot_5.png in Resources */,
				0E9CFC711CA8EC7100030F58 /* screenshot_7.png in Resources */,
				EE7F13DB1C1FA32B000D34B8 /* jiazaishibai.png in Resources */,
				0E9CFC6A1CA8EC7100030F58 /* screenshot_0.png in Resources */,
				EE7F13D81C1FA32B000D34B8 /* gouwu.png in Resources */,
				0E5E5EF01CCE3711006247B0 /* String.plist in Resources */,
				EE7F13DE1C1FA32B000D34B8 /* logo.png in Resources */,
				EE7F13D11C1FA32B000D34B8 /* 启动页.jpg in Resources */,
				EE7F13D51C1FA32B000D34B8 /* Main.storyboard in Resources */,
				EE7F13E41C1FA32B000D34B8 /* shuxian.png in Resources */,
				0E9CFC721CA8EC7100030F58 /* screenshot_8.png in Resources */,
				EE7F13DA1C1FA32B000D34B8 /* Info.plist in Resources */,
			);
			runOnlyForDeploymentPostprocessing = 0;
		};
/* End PBXResourcesBuildPhase section */

/* Begin PBXSourcesBuildPhase section */
		3F45E9841C0E800D0006F103 /* Sources */ = {
			isa = PBXSourcesBuildPhase;
			buildActionMask = 2147483647;
			files = (
				0E9CFC761CA8ED8200030F58 /* JKLockView.m in Sources */,
				EE7F13DF1C1FA32B000D34B8 /* main.m in Sources */,
				0E9CFC5C1CA8EBEE00030F58 /* MBProgressHUD+NJ.m in Sources */,
				0EA4F5591CCEFB7900968B22 /* DanmuViewController.m in Sources */,
				EE7F13D91C1FA32B000D34B8 /* gouwuView.m in Sources */,
				EE7F13E61C1FA32B000D34B8 /* YouhuixinxiView.m in Sources */,
				0E9CFC5E1CA8EBEE00030F58 /* MBProgressHUD.m in Sources */,
				0E9CFC791CA8EEB300030F58 /* ViewController.m in Sources */,
				EE7F13E11C1FA32B000D34B8 /* ShiYongShuoMingView.m in Sources */,
				EE7F13D21C1FA32B000D34B8 /* AppDelegate.m in Sources */,
				EE7F13E31C1FA32B000D34B8 /* ShouYeView.m in Sources */,
				EE7F13D71C1FA32B000D34B8 /* GeRenZhongXinView.m in Sources */,
				0EABB7451C93BA3700448D96 /* LoginViewController.m in Sources */,
				0EA4F55C1CCF01E800968B22 /* DrawHuman.m in Sources */,
				0E98FA831CACDB660062ECD1 /* chongzhiview.m in Sources */,
				EE7F13DD1C1FA32B000D34B8 /* kefuView.m in Sources */,
			);
			runOnlyForDeploymentPostprocessing = 0;
		};
/* End PBXSourcesBuildPhase section */

/* Begin PBXVariantGroup section */
		0E5E5EEB1CCE3667006247B0 /* 最长的电影字幕版--音悦tai.mp4 */ = {
			isa = PBXVariantGroup;
			children = (
				0E5E5EEC1CCE3667006247B0 /* Base */,
			);
			name = "最长的电影字幕版--音悦tai.mp4";
			path = ../haidaoshengxian/Base.lproj;
			sourceTree = "<group>";
		};
		0E5E5EEE1CCE3711006247B0 /* String.plist */ = {
			isa = PBXVariantGroup;
			children = (
				0E5E5EEF1CCE3711006247B0 /* Base */,
			);
			name = String.plist;
			sourceTree = "<group>";
		};
		EE7F13B61C1FA32B000D34B8 /* LaunchScreen.storyboard */ = {
			isa = PBXVariantGroup;
			children = (
				EE7F13B71C1FA32B000D34B8 /* Base */,
			);
			name = LaunchScreen.storyboard;
			path = haidaoshengxian/Base.lproj;
			sourceTree = "<group>";
		};
		EE7F13B81C1FA32B000D34B8 /* Main.storyboard */ = {
			isa = PBXVariantGroup;
			children = (
				EE7F13B91C1FA32B000D34B8 /* Base */,
			);
			name = Main.storyboard;
			path = haidaoshengxian/Base.lproj;
			sourceTree = "<group>";
		};
/* End PBXVariantGroup section */

/* Begin XCBuildConfiguration section */
		3F45E99D1C0E800D0006F103 /* Debug */ = {
			isa = XCBuildConfiguration;
			buildSettings = {
				ALWAYS_SEARCH_USER_PATHS = NO;
				CLANG_CXX_LANGUAGE_STANDARD = "gnu++0x";
				CLANG_CXX_LIBRARY = "libc++";
				CLANG_ENABLE_MODULES = YES;
				CLANG_ENABLE_OBJC_ARC = YES;
				CLANG_WARN_BOOL_CONVERSION = YES;
				CLANG_WARN_CONSTANT_CONVERSION = YES;
				CLANG_WARN_DIRECT_OBJC_ISA_USAGE = YES_ERROR;
				CLANG_WARN_EMPTY_BODY = YES;
				CLANG_WARN_ENUM_CONVERSION = YES;
				CLANG_WARN_INT_CONVERSION = YES;
				CLANG_WARN_OBJC_ROOT_CLASS = YES_ERROR;
				CLANG_WARN_UNREACHABLE_CODE = YES;
				CLANG_WARN__DUPLICATE_METHOD_MATCH = YES;
				"CODE_SIGN_IDENTITY[sdk=iphoneos*]" = "iPhone Developer";
				COPY_PHASE_STRIP = NO;
				DEBUG_INFORMATION_FORMAT = dwarf;
				ENABLE_STRICT_OBJC_MSGSEND = YES;
				ENABLE_TESTABILITY = YES;
				GCC_C_LANGUAGE_STANDARD = gnu99;
				GCC_DYNAMIC_NO_PIC = NO;
				GCC_NO_COMMON_BLOCKS = YES;
				GCC_OPTIMIZATION_LEVEL = 0;
				GCC_PREPROCESSOR_DEFINITIONS = (
					"DEBUG=1",
					"$(inherited)",
				);
				GCC_WARN_64_TO_32_BIT_CONVERSION = YES;
				GCC_WARN_ABOUT_RETURN_TYPE = YES_ERROR;
				GCC_WARN_UNDECLARED_SELECTOR = YES;
				GCC_WARN_UNINITIALIZED_AUTOS = YES_AGGRESSIVE;
				GCC_WARN_UNUSED_FUNCTION = YES;
				GCC_WARN_UNUSED_VARIABLE = YES;
				IPHONEOS_DEPLOYMENT_TARGET = 9.0;
				MTL_ENABLE_DEBUG_INFO = YES;
				ONLY_ACTIVE_ARCH = YES;
				SDKROOT = iphoneos;
				TARGETED_DEVICE_FAMILY = "1,2";
			};
			name = Debug;
		};
		3F45E99E1C0E800D0006F103 /* Release */ = {
			isa = XCBuildConfiguration;
			buildSettings = {
				ALWAYS_SEARCH_USER_PATHS = NO;
				CLANG_CXX_LANGUAGE_STANDARD = "gnu++0x";
				CLANG_CXX_LIBRARY = "libc++";
				CLANG_ENABLE_MODULES = YES;
				CLANG_ENABLE_OBJC_ARC = YES;
				CLANG_WARN_BOOL_CONVERSION = YES;
				CLANG_WARN_CONSTANT_CONVERSION = YES;
				CLANG_WARN_DIRECT_OBJC_ISA_USAGE = YES_ERROR;
				CLANG_WARN_EMPTY_BODY = YES;
				CLANG_WARN_ENUM_CONVERSION = YES;
				CLANG_WARN_INT_CONVERSION = YES;
				CLANG_WARN_OBJC_ROOT_CLASS = YES_ERROR;
				CLANG_WARN_UNREACHABLE_CODE = YES;
				CLANG_WARN__DUPLICATE_METHOD_MATCH = YES;
				"CODE_SIGN_IDENTITY[sdk=iphoneos*]" = "iPhone Developer";
				COPY_PHASE_STRIP = NO;
				DEBUG_INFORMATION_FORMAT = "dwarf-with-dsym";
				ENABLE_NS_ASSERTIONS = NO;
				ENABLE_STRICT_OBJC_MSGSEND = YES;
				GCC_C_LANGUAGE_STANDARD = gnu99;
				GCC_NO_COMMON_BLOCKS = YES;
				GCC_WARN_64_TO_32_BIT_CONVERSION = YES;
				GCC_WARN_ABOUT_RETURN_TYPE = YES_ERROR;
				GCC_WARN_UNDECLARED_SELECTOR = YES;
				GCC_WARN_UNINITIALIZED_AUTOS = YES_AGGRESSIVE;
				GCC_WARN_UNUSED_FUNCTION = YES;
				GCC_WARN_UNUSED_VARIABLE = YES;
				IPHONEOS_DEPLOYMENT_TARGET = 9.0;
				MTL_ENABLE_DEBUG_INFO = NO;
				SDKROOT = iphoneos;
				TARGETED_DEVICE_FAMILY = "1,2";
				VALIDATE_PRODUCT = YES;
			};
			name = Release;
		};
		3F45E9A01C0E800D0006F103 /* Debug */ = {
			isa = XCBuildConfiguration;
			buildSettings = {
				ASSETCATALOG_COMPILER_APPICON_NAME = AppIcon;
				CODE_SIGN_IDENTITY = "iPhone Developer";
				"CODE_SIGN_IDENTITY[sdk=iphoneos*]" = "iPhone Developer";
				INFOPLIST_FILE = haidaoshengxian/Info.plist;
				IPHONEOS_DEPLOYMENT_TARGET = 6.0;
				LD_RUNPATH_SEARCH_PATHS = "$(inherited) @executable_path/Frameworks";
				PRODUCT_BUNDLE_IDENTIFIER = Galahad.haidaoshengxian;
				PRODUCT_NAME = "海道生鲜";
				PROVISIONING_PROFILE = "";
			};
			name = Debug;
		};
		3F45E9A11C0E800D0006F103 /* Release */ = {
			isa = XCBuildConfiguration;
			buildSettings = {
				ASSETCATALOG_COMPILER_APPICON_NAME = AppIcon;
				CODE_SIGN_IDENTITY = "iPhone Developer";
				"CODE_SIGN_IDENTITY[sdk=iphoneos*]" = "iPhone Developer";
				INFOPLIST_FILE = haidaoshengxian/Info.plist;
				IPHONEOS_DEPLOYMENT_TARGET = 6.0;
				LD_RUNPATH_SEARCH_PATHS = "$(inherited) @executable_path/Frameworks";
				PRODUCT_BUNDLE_IDENTIFIER = Galahad.haidaoshengxian;
				PRODUCT_NAME = "海道生鲜";
				PROVISIONING_PROFILE = "";
			};
			name = Release;
		};
/* End XCBuildConfiguration section */

/* Begin XCConfigurationList section */
		3F45E9831C0E800D0006F103 /* Build configuration list for PBXProject "海道生鲜" */ = {
			isa = XCConfigurationList;
			buildConfigurations = (
				3F45E99D1C0E800D0006F103 /* Debug */,
				3F45E99E1C0E800D0006F103 /* Release */,
			);
			defaultConfigurationIsVisible = 0;
			defaultConfigurationName = Release;
		};
		3F45E99F1C0E800D0006F103 /* Build configuration list for PBXNativeTarget "海道生鲜" */ = {
			isa = XCConfigurationList;
			buildConfigurations = (
				3F45E9A01C0E800D0006F103 /* Debug */,
				3F45E9A11C0E800D0006F103 /* Release */,
			);
			defaultConfigurationIsVisible = 0;
			defaultConfigurationName = Release;
		};
/* End XCConfigurationList section */
	};
	rootObject = 3F45E9801C0E800D0006F103 /* Project object */;
}
